
Microsoft Visual Studio Solution File, Format Version 12.00
# Visual Studio Version 17
VisualStudioVersion = 17.5.33516.290
MinimumVisualStudioVersion = 10.0.40219.1
Project("{FAE04EC0-301F-11D3-BF4B-00C04F79EFBC}") = "PomodoroProjectPlus", "PomodoroProjectPlus.csproj", "{5F09059C-881E-4512-A6E3-542827BDF714}"
EndProject
Global
	GlobalSection(SolutionConfigurationPlatforms) = preSolution
		Debug|Any CPU = Debug|Any CPU
		Release|Any CPU = Release|Any CPU
	EndGlobalSection
	GlobalSection(ProjectConfigurationPlatforms) = postSolution
		{5F09059C-881E-4512-A6E3-542827BDF714}.Debug|Any CPU.ActiveCfg = Debug|Any CPU
		{5F09059C-881E-4512-A6E3-542827BDF714}.Debug|Any CPU.Build.0 = Debug|Any CPU
		{5F09059C-881E-4512-A6E3-542827BDF714}.Release|Any CPU.ActiveCfg = Release|Any CPU
		{5F09059C-881E-4512-A6E3-542827BDF714}.Release|Any CPU.Build.0 = Release|Any CPU
	EndGlobalSection
	GlobalSection(SolutionProperties) = preSolution
		HideSolutionNode = FALSE
	EndGlobalSection
	GlobalSection(ExtensibilityGlobals) = postSolution
		SolutionGuid = {8C3CE9C5-4498-4BEA-A0DA-F9F59D2D1ED2}
	EndGlobalSection
EndGlobal
